
Microsoft Visual Studio Solution File, Format Version 12.00
# Visual Studio 15
VisualStudioVersion = 15.0.28307.1062
MinimumVisualStudioVersion = 10.0.40219.1
Project("{E24C65DC-7377-472B-9ABA-BC803B73C61A}") = "DA_LTW", "DA_LTW\", "{6BF3B2AC-B360-4056-B8EE-307BFCCFDE94}"
	ProjectSection(WebsiteProperties) = preProject
		TargetFrameworkMoniker = ".NETFramework,Version%3Dv4.6.1"
		Debug.AspNetCompiler.VirtualPath = "/localhost_50497"
		Debug.AspNetCompiler.PhysicalPath = "DA_LTW\"
		Debug.AspNetCompiler.TargetPath = "PrecompiledWeb\localhost_50497\"
		Debug.AspNetCompiler.Updateable = "true"
		Debug.AspNetCompiler.ForceOverwrite = "true"
		Debug.AspNetCompiler.FixedNames = "false"
		Debug.AspNetCompiler.Debug = "True"
		Release.AspNetCompiler.VirtualPath = "/localhost_50497"
		Release.AspNetCompiler.PhysicalPath = "DA_LTW\"
		Release.AspNetCompiler.TargetPath = "PrecompiledWeb\localhost_50497\"
		Release.AspNetCompiler.Updateable = "true"
		Release.AspNetCompiler.ForceOverwrite = "true"
		Release.AspNetCompiler.FixedNames = "false"
		Release.AspNetCompiler.Debug = "False"
		VWDPort = "50497"
		SlnRelativePath = "DA_LTW\"
		DefaultWebSiteLanguage = "Visual C#"
	EndProjectSection
EndProject
Global
	GlobalSection(SolutionConfigurationPlatforms) = preSolution
		Debug|Any CPU = Debug|Any CPU
	EndGlobalSection
	GlobalSection(ProjectConfigurationPlatforms) = postSolution
		{6BF3B2AC-B360-4056-B8EE-307BFCCFDE94}.Debug|Any CPU.ActiveCfg = Debug|Any CPU
		{6BF3B2AC-B360-4056-B8EE-307BFCCFDE94}.Debug|Any CPU.Build.0 = Debug|Any CPU
	EndGlobalSection
	GlobalSection(SolutionProperties) = preSolution
		HideSolutionNode = FALSE
	EndGlobalSection
	GlobalSection(ExtensibilityGlobals) = postSolution
		SolutionGuid = {C3EE7555-A0FD-4DCC-8562-D56A280FF46F}
	EndGlobalSection
EndGlobal
